
Microsoft Visual Studio Solution File, Format Version 12.00
# Visual Studio Version 16
VisualStudioVersion = 16.0.28803.452
MinimumVisualStudioVersion = 10.0.40219.1
Project("{9A19103F-16F7-4668-BE54-9A1E7A4F7556}") = "Antlr4.Runtime.dotnet", "Antlr4.Runtime\Antlr4.Runtime.dotnet.csproj", "{EB3A914B-497D-4CD7-A9DD-4C2A3DC08F9B}"
EndProject
Project("{9A19103F-16F7-4668-BE54-9A1E7A4F7556}") = "CtfPlayback", "CtfPlayback\CtfPlayback.csproj", "{85A74448-3940-481D-B449-EF7FCAC02290}"
EndProject
Project("{9A19103F-16F7-4668-BE54-9A1E7A4F7556}") = "LTTngCds", "LTTngCds\LTTngCds.csproj", "{E4EB869C-DBF9-4C7F-95BA-6D28DBC69FD0}"
EndProject
Project("{9A19103F-16F7-4668-BE54-9A1E7A4F7556}") = "LTTngDataExtensions", "LTTngDataExtensions\LTTngDataExtensions.csproj", "{8EE62907-1246-48FA-9AD5-D1DFEC7F26F8}"
EndProject
Project("{9A19103F-16F7-4668-BE54-9A1E7A4F7556}") = "CtfUnitTest", "CtfUnitTest\CtfUnitTest.csproj", "{FC2236A8-FBE7-43BC-86A1-CBC364DFDF91}"
EndProject
Project("{9A19103F-16F7-4668-BE54-9A1E7A4F7556}") = "PerfCds", "PerfCds\PerfCds.csproj", "{DF90DB4D-93B8-498F-8DA9-557495BBFCB6}"
EndProject
Project("{9A19103F-16F7-4668-BE54-9A1E7A4F7556}") = "PerfDataExtensions", "PerfDataExtensions\PerfDataExtensions.csproj", "{B381F72E-335C-4842-9DB2-615D5C18A943}"
EndProject
Project("{2150E333-8FDC-42A3-9474-1A3956D46DE8}") = "LinuxLogParsers", "LinuxLogParsers", "{9B2D4167-1CC7-4D8B-A01C-E9919E809A0A}"
EndProject
Project("{9A19103F-16F7-4668-BE54-9A1E7A4F7556}") = "LinuxLogParserCore", "LinuxLogParsers\LinuxLogParserCore\LinuxLogParserCore.csproj", "{5B8667E9-0CB6-4562-B2BD-B5E7768BC1A4}"
EndProject
Project("{9A19103F-16F7-4668-BE54-9A1E7A4F7556}") = "LinuxLogParser", "LinuxLogParsers\LinuxLogParser\LinuxLogParser.csproj", "{03DBB240-C4DD-4FF4-9405-F50CBF0A960D}"
EndProject
Project("{9A19103F-16F7-4668-BE54-9A1E7A4F7556}") = "Cloud-Init", "LinuxLogParsers\LinuxPlugins-MicrosoftPerformanceToolkSDK\Cloud-init\Cloud-Init.csproj", "{7CBFAE62-0D0D-4075-A426-99945DD4E9A8}"
EndProject
Project("{9A19103F-16F7-4668-BE54-9A1E7A4F7556}") = "Dmesg", "LinuxLogParsers\LinuxPlugins-MicrosoftPerformanceToolkSDK\DmesgIsoLog\Dmesg.csproj", "{04455C36-F127-4D40-BCB3-78E7DE21E70E}"
EndProject
Project("{9A19103F-16F7-4668-BE54-9A1E7A4F7556}") = "WaLinuxAgent", "LinuxLogParsers\LinuxPlugins-MicrosoftPerformanceToolkSDK\WaLinuxAgent\WaLinuxAgent.csproj", "{75AF82A4-AF0E-425F-8CF5-62F4F54380B9}"
EndProject
Project("{2150E333-8FDC-42A3-9474-1A3956D46DE8}") = "Docs", "Docs", "{E48222FC-D167-4281-BC94-961C22908B25}"
	ProjectSection(SolutionItems) = preProject
		CODE_OF_CONDUCT.md = CODE_OF_CONDUCT.md
		LinuxTraceLogCapture.md = LinuxTraceLogCapture.md
		NOTICE.md = NOTICE.md
		README.md = README.md
		SECURITY.md = SECURITY.md
		SUPPORT.md = SUPPORT.md
	EndProjectSection
EndProject
Project("{9A19103F-16F7-4668-BE54-9A1E7A4F7556}") = "LinuxLogParsersUnitTest", "LinuxLogParsers\LinuxLogParsersUnitTest\LinuxLogParsersUnitTest.csproj", "{F910A8EA-9B0F-4BDA-87D4-0765EE973421}"
EndProject
Project("{9A19103F-16F7-4668-BE54-9A1E7A4F7556}") = "LTTngDriver", "LTTngDriver\LTTngDriver.csproj", "{355F2F1D-8500-4DEA-994E-D456771247CB}"
EndProject
Project("{9A19103F-16F7-4668-BE54-9A1E7A4F7556}") = "UnitTestCommon", "UnitTestCommon\UnitTestCommon.csproj", "{20968FBC-74B7-4A65-9936-9F9C2EF8771B}"
EndProject
Project("{9A19103F-16F7-4668-BE54-9A1E7A4F7556}") = "LTTngDataExtUnitTest", "LTTngDataExtUnitTest\LTTngDataExtUnitTest.csproj", "{5750B61D-C1FD-46E7-A175-DB515C6185B0}"
EndProject
Project("{9A19103F-16F7-4668-BE54-9A1E7A4F7556}") = "PerfUnitTest", "PerfUnitTest\PerfUnitTest.csproj", "{159F637D-6AB1-4E7F-878E-E2C46CF2D920}"
EndProject
Global
	GlobalSection(SolutionConfigurationPlatforms) = preSolution
		Debug|Any CPU = Debug|Any CPU
		Release|Any CPU = Release|Any CPU
	EndGlobalSection
	GlobalSection(ProjectConfigurationPlatforms) = postSolution
		{EB3A914B-497D-4CD7-A9DD-4C2A3DC08F9B}.Debug|Any CPU.ActiveCfg = Debug|Any CPU
		{EB3A914B-497D-4CD7-A9DD-4C2A3DC08F9B}.Debug|Any CPU.Build.0 = Debug|Any CPU
		{EB3A914B-497D-4CD7-A9DD-4C2A3DC08F9B}.Release|Any CPU.ActiveCfg = Release|Any CPU
		{EB3A914B-497D-4CD7-A9DD-4C2A3DC08F9B}.Release|Any CPU.Build.0 = Release|Any CPU
		{85A74448-3940-481D-B449-EF7FCAC02290}.Debug|Any CPU.ActiveCfg = Debug|Any CPU
		{85A74448-3940-481D-B449-EF7FCAC02290}.Debug|Any CPU.Build.0 = Debug|Any CPU
		{85A74448-3940-481D-B449-EF7FCAC02290}.Release|Any CPU.ActiveCfg = Release|Any CPU
		{85A74448-3940-481D-B449-EF7FCAC02290}.Release|Any CPU.Build.0 = Release|Any CPU
		{E4EB869C-DBF9-4C7F-95BA-6D28DBC69FD0}.Debug|Any CPU.ActiveCfg = Debug|Any CPU
		{E4EB869C-DBF9-4C7F-95BA-6D28DBC69FD0}.Debug|Any CPU.Build.0 = Debug|Any CPU
		{E4EB869C-DBF9-4C7F-95BA-6D28DBC69FD0}.Release|Any CPU.ActiveCfg = Release|Any CPU
		{E4EB869C-DBF9-4C7F-95BA-6D28DBC69FD0}.Release|Any CPU.Build.0 = Release|Any CPU
		{8EE62907-1246-48FA-9AD5-D1DFEC7F26F8}.Debug|Any CPU.ActiveCfg = Debug|Any CPU
		{8EE62907-1246-48FA-9AD5-D1DFEC7F26F8}.Debug|Any CPU.Build.0 = Debug|Any CPU
		{8EE62907-1246-48FA-9AD5-D1DFEC7F26F8}.Release|Any CPU.ActiveCfg = Release|Any CPU
		{8EE62907-1246-48FA-9AD5-D1DFEC7F26F8}.Release|Any CPU.Build.0 = Release|Any CPU
		{FC2236A8-FBE7-43BC-86A1-CBC364DFDF91}.Debug|Any CPU.ActiveCfg = Debug|Any CPU
		{FC2236A8-FBE7-43BC-86A1-CBC364DFDF91}.Debug|Any CPU.Build.0 = Debug|Any CPU
		{FC2236A8-FBE7-43BC-86A1-CBC364DFDF91}.Release|Any CPU.ActiveCfg = Release|Any CPU
		{FC2236A8-FBE7-43BC-86A1-CBC364DFDF91}.Release|Any CPU.Build.0 = Release|Any CPU
		{DF90DB4D-93B8-498F-8DA9-557495BBFCB6}.Debug|Any CPU.ActiveCfg = Debug|Any CPU
		{DF90DB4D-93B8-498F-8DA9-557495BBFCB6}.Debug|Any CPU.Build.0 = Debug|Any CPU
		{DF90DB4D-93B8-498F-8DA9-557495BBFCB6}.Release|Any CPU.ActiveCfg = Release|Any CPU
		{DF90DB4D-93B8-498F-8DA9-557495BBFCB6}.Release|Any CPU.Build.0 = Release|Any CPU
		{B381F72E-335C-4842-9DB2-615D5C18A943}.Debug|Any CPU.ActiveCfg = Debug|Any CPU
		{B381F72E-335C-4842-9DB2-615D5C18A943}.Debug|Any CPU.Build.0 = Debug|Any CPU
		{B381F72E-335C-4842-9DB2-615D5C18A943}.Release|Any CPU.ActiveCfg = Release|Any CPU
		{B381F72E-335C-4842-9DB2-615D5C18A943}.Release|Any CPU.Build.0 = Release|Any CPU
		{5B8667E9-0CB6-4562-B2BD-B5E7768BC1A4}.Debug|Any CPU.ActiveCfg = Debug|Any CPU
		{5B8667E9-0CB6-4562-B2BD-B5E7768BC1A4}.Debug|Any CPU.Build.0 = Debug|Any CPU
		{5B8667E9-0CB6-4562-B2BD-B5E7768BC1A4}.Release|Any CPU.ActiveCfg = Release|Any CPU
		{5B8667E9-0CB6-4562-B2BD-B5E7768BC1A4}.Release|Any CPU.Build.0 = Release|Any CPU
		{03DBB240-C4DD-4FF4-9405-F50CBF0A960D}.Debug|Any CPU.ActiveCfg = Debug|Any CPU
		{03DBB240-C4DD-4FF4-9405-F50CBF0A960D}.Debug|Any CPU.Build.0 = Debug|Any CPU
		{03DBB240-C4DD-4FF4-9405-F50CBF0A960D}.Release|Any CPU.ActiveCfg = Release|Any CPU
		{03DBB240-C4DD-4FF4-9405-F50CBF0A960D}.Release|Any CPU.Build.0 = Release|Any CPU
		{7CBFAE62-0D0D-4075-A426-99945DD4E9A8}.Debug|Any CPU.ActiveCfg = Debug|Any CPU
		{7CBFAE62-0D0D-4075-A426-99945DD4E9A8}.Debug|Any CPU.Build.0 = Debug|Any CPU
		{7CBFAE62-0D0D-4075-A426-99945DD4E9A8}.Release|Any CPU.ActiveCfg = Release|Any CPU
		{7CBFAE62-0D0D-4075-A426-99945DD4E9A8}.Release|Any CPU.Build.0 = Release|Any CPU
		{04455C36-F127-4D40-BCB3-78E7DE21E70E}.Debug|Any CPU.ActiveCfg = Debug|Any CPU
		{04455C36-F127-4D40-BCB3-78E7DE21E70E}.Debug|Any CPU.Build.0 = Debug|Any CPU
		{04455C36-F127-4D40-BCB3-78E7DE21E70E}.Release|Any CPU.ActiveCfg = Release|Any CPU
		{04455C36-F127-4D40-BCB3-78E7DE21E70E}.Release|Any CPU.Build.0 = Release|Any CPU
		{75AF82A4-AF0E-425F-8CF5-62F4F54380B9}.Debug|Any CPU.ActiveCfg = Debug|Any CPU
		{75AF82A4-AF0E-425F-8CF5-62F4F54380B9}.Debug|Any CPU.Build.0 = Debug|Any CPU
		{75AF82A4-AF0E-425F-8CF5-62F4F54380B9}.Release|Any CPU.ActiveCfg = Release|Any CPU
		{75AF82A4-AF0E-425F-8CF5-62F4F54380B9}.Release|Any CPU.Build.0 = Release|Any CPU
		{F910A8EA-9B0F-4BDA-87D4-0765EE973421}.Debug|Any CPU.ActiveCfg = Debug|Any CPU
		{F910A8EA-9B0F-4BDA-87D4-0765EE973421}.Debug|Any CPU.Build.0 = Debug|Any CPU
		{F910A8EA-9B0F-4BDA-87D4-0765EE973421}.Release|Any CPU.ActiveCfg = Release|Any CPU
		{F910A8EA-9B0F-4BDA-87D4-0765EE973421}.Release|Any CPU.Build.0 = Release|Any CPU
		{355F2F1D-8500-4DEA-994E-D456771247CB}.Debug|Any CPU.ActiveCfg = Debug|Any CPU
		{355F2F1D-8500-4DEA-994E-D456771247CB}.Debug|Any CPU.Build.0 = Debug|Any CPU
		{355F2F1D-8500-4DEA-994E-D456771247CB}.Release|Any CPU.ActiveCfg = Release|Any CPU
		{355F2F1D-8500-4DEA-994E-D456771247CB}.Release|Any CPU.Build.0 = Release|Any CPU
		{20968FBC-74B7-4A65-9936-9F9C2EF8771B}.Debug|Any CPU.ActiveCfg = Debug|Any CPU
		{20968FBC-74B7-4A65-9936-9F9C2EF8771B}.Debug|Any CPU.Build.0 = Debug|Any CPU
		{20968FBC-74B7-4A65-9936-9F9C2EF8771B}.Release|Any CPU.ActiveCfg = Release|Any CPU
		{20968FBC-74B7-4A65-9936-9F9C2EF8771B}.Release|Any CPU.Build.0 = Release|Any CPU
		{5750B61D-C1FD-46E7-A175-DB515C6185B0}.Debug|Any CPU.ActiveCfg = Debug|Any CPU
		{5750B61D-C1FD-46E7-A175-DB515C6185B0}.Debug|Any CPU.Build.0 = Debug|Any CPU
		{5750B61D-C1FD-46E7-A175-DB515C6185B0}.Release|Any CPU.ActiveCfg = Release|Any CPU
		{5750B61D-C1FD-46E7-A175-DB515C6185B0}.Release|Any CPU.Build.0 = Release|Any CPU
		{159F637D-6AB1-4E7F-878E-E2C46CF2D920}.Debug|Any CPU.ActiveCfg = Debug|Any CPU
		{159F637D-6AB1-4E7F-878E-E2C46CF2D920}.Debug|Any CPU.Build.0 = Debug|Any CPU
		{159F637D-6AB1-4E7F-878E-E2C46CF2D920}.Release|Any CPU.ActiveCfg = Release|Any CPU
		{159F637D-6AB1-4E7F-878E-E2C46CF2D920}.Release|Any CPU.Build.0 = Release|Any CPU
	EndGlobalSection
	GlobalSection(SolutionProperties) = preSolution
		HideSolutionNode = FALSE
	EndGlobalSection
	GlobalSection(NestedProjects) = preSolution
		{5B8667E9-0CB6-4562-B2BD-B5E7768BC1A4} = {9B2D4167-1CC7-4D8B-A01C-E9919E809A0A}
		{03DBB240-C4DD-4FF4-9405-F50CBF0A960D} = {9B2D4167-1CC7-4D8B-A01C-E9919E809A0A}
		{7CBFAE62-0D0D-4075-A426-99945DD4E9A8} = {9B2D4167-1CC7-4D8B-A01C-E9919E809A0A}
		{04455C36-F127-4D40-BCB3-78E7DE21E70E} = {9B2D4167-1CC7-4D8B-A01C-E9919E809A0A}
		{75AF82A4-AF0E-425F-8CF5-62F4F54380B9} = {9B2D4167-1CC7-4D8B-A01C-E9919E809A0A}
		{F910A8EA-9B0F-4BDA-87D4-0765EE973421} = {9B2D4167-1CC7-4D8B-A01C-E9919E809A0A}
	EndGlobalSection
	GlobalSection(ExtensibilityGlobals) = postSolution
		SolutionGuid = {E96603EA-8E1D-4AA9-A474-D267A116C316}
	EndGlobalSection
EndGlobal
